PODS:
  - Alamofire (4.8.1)
  - IGListKit (3.4.0):
    - IGListKit/Default (= 3.4.0)
  - IGListKit/Default (3.4.0):
    - IGListKit/Diffing
  - IGListKit/Diffing (3.4.0)
  - Kingfisher (5.1.0)
  - Moya (12.0.1):
    - Moya/Core (= 12.0.1)
  - Moya/Core (12.0.1):
    - Alamofire (~> 4.1)
    - Result (~> 4.0)
  - PromiseKit (6.7.1):
    - PromiseKit/CorePromise (= 6.7.1)
    - PromiseKit/Foundation (= 6.7.1)
    - PromiseKit/UIKit (= 6.7.1)
  - PromiseKit/CorePromise (6.7.1)
  - PromiseKit/Foundation (6.7.1):
    - PromiseKit/CorePromise
  - PromiseKit/UIKit (6.7.1):
    - PromiseKit/CorePromise
  - Result (4.1.0)
  - Reusable (4.0.5):
    - Reusable/Storyboard (= 4.0.5)
    - Reusable/View (= 4.0.5)
  - Reusable/Storyboard (4.0.5)
  - Reusable/View (4.0.5)
  - RxAtomic (4.4.0)
  - RxCocoa (4.4.0):
    - RxSwift (~> 4.0)
  - RxSwift (4.4.0):
    - RxAtomic (~> 4.4)
  - SkeletonView (1.4.1)
  - SwiftMessages (6.0.2):
    - SwiftMessages/App (= 6.0.2)
  - SwiftMessages/App (6.0.2)
  - SwiftyJSON (4.2.0)

DEPENDENCIES:
  - Alamofire
  - IGListKit (~> 3.0)
  - Kingfisher (~> 5.0)
  - Moya
  - PromiseKit (~> 6.0)
  - Reusable
  - RxCocoa (~> 4.0)
  - RxSwift (~> 4.0)
  - SkeletonView
  - SwiftMessages (~> 6.0.2)
  - SwiftyJSON (~> 4.0)

SPEC REPOS:
  https://github.com/cocoapods/specs.git:
    - Alamofire
    - IGListKit
    - Kingfisher
    - Moya
    - PromiseKit
    - Result
    - Reusable
    - RxAtomic
    - RxCocoa
    - RxSwift
    - SkeletonView
    - SwiftMessages
    - SwiftyJSON

SPEC CHECKSUMS:
  Alamofire: 16ce2c353fb72865124ddae8a57c5942388f4f11
  IGListKit: 7a5d788e9fb746bcd402baa8e8b24bc3bd2a5a07
  Kingfisher: fcec238063d17404fca89bf0a850583211c4cbf6
  Moya: cf730b3cd9e005401ef37a85143aa141a12fd38f
  PromiseKit: ef376fb8b4e92edfeb66bd403b983eaa07fbde0c
  Result: bd966fac789cc6c1563440b348ab2598cc24d5c7
  Reusable: 188be1a54ac0691bc66e5bb24ec6eb91971b315b
  RxAtomic: eacf60db868c96bfd63320e28619fe29c179656f
  RxCocoa: df63ebf7b9a70d6b4eeea407ed5dd4efc8979749
  RxSwift: 5976ecd04fc2fefd648827c23de5e11157faa973
  SkeletonView: 60d6ce7edb0cb4c7758db33c74add50392b3c475
  SwiftMessages: 8b3cc68dba2f1c91aac1a74c90b10287aac35371
  SwiftyJSON: c4bcba26dd9ec7a027fc8eade48e2c911f229e96

PODFILE CHECKSUM: b2dc0b36e64890fa5eb0186c1911996b39e7da0e

COCOAPODS: 1.5.3
